// !$*UTF8*$!
{
	archiveVersion = 1;
	classes = {
	};
	objectVersion = 46;
	objects = {

/* Begin PBXBuildFile section */
		FF9263351A5A93DD00900539 /* Foundation.framework in Frameworks */ = {isa = PBXBuildFile; fileRef = FF9263341A5A93DD00900539 /* Foundation.framework */; };
		FF9263371A5A93EA00900539 /* libz.dylib in Frameworks */ = {isa = PBXBuildFile; fileRef = FF9263361A5A93EA00900539 /* libz.dylib */; };
		FF9263391A5A945800900539 /* UIKit.framework in Frameworks */ = {isa = PBXBuildFile; fileRef = FF9263381A5A945800900539 /* UIKit.framework */; };
		FF92633B1A5AA89F00900539 /* IssueHandler.swift in Sources */ = {isa = PBXBuildFile; fileRef = FF92633A1A5AA89F00900539 /* IssueHandler.swift */; };
		FF9263431A5AD6D700900539 /* Helper.swift in Sources */ = {isa = PBXBuildFile; fileRef = FF9263421A5AD6D700900539 /* Helper.swift */; };
		FFCAC6271A5FFDC700434DA1 /* ioapi.c in Sources */ = {isa = PBXBuildFile; fileRef = FFCAC61D1A5FFDC700434DA1 /* ioapi.c */; };
		FFCAC6281A5FFDC700434DA1 /* mztools.c in Sources */ = {isa = PBXBuildFile; fileRef = FFCAC61F1A5FFDC700434DA1 /* mztools.c */; };
		FFCAC6291A5FFDC700434DA1 /* unzip.c in Sources */ = {isa = PBXBuildFile; fileRef = FFCAC6211A5FFDC700434DA1 /* unzip.c */; };
		FFCAC62A1A5FFDC700434DA1 /* zip.c in Sources */ = {isa = PBXBuildFile; fileRef = FFCAC6231A5FFDC700434DA1 /* zip.c */; };
		FFCAC62B1A5FFDC700434DA1 /* ZipArchive.mm in Sources */ = {isa = PBXBuildFile; fileRef = FFCAC6261A5FFDC700434DA1 /* ZipArchive.mm */; };
		FFD572DA1A529B8300AB9113 /* AppDelegate.swift in Sources */ = {isa = PBXBuildFile; fileRef = FFD572D91A529B8300AB9113 /* AppDelegate.swift */; };
		FFD572DC1A529B8300AB9113 /* MasterViewController.swift in Sources */ = {isa = PBXBuildFile; fileRef = FFD572DB1A529B8300AB9113 /* MasterViewController.swift */; };
		FFD572DE1A529B8300AB9113 /* DetailViewController.swift in Sources */ = {isa = PBXBuildFile; fileRef = FFD572DD1A529B8300AB9113 /* DetailViewController.swift */; };
		FFD572E11A529B8300AB9113 /* Main.storyboard in Resources */ = {isa = PBXBuildFile; fileRef = FFD572DF1A529B8300AB9113 /* Main.storyboard */; };
		FFD572E31A529B8300AB9113 /* Images.xcassets in Resources */ = {isa = PBXBuildFile; fileRef = FFD572E21A529B8300AB9113 /* Images.xcassets */; };
		FFD572E61A529B8300AB9113 /* LaunchScreen.xib in Resources */ = {isa = PBXBuildFile; fileRef = FFD572E41A529B8300AB9113 /* LaunchScreen.xib */; };
		FFD572F21A529B8300AB9113 /* Dumpling2Tests.swift in Sources */ = {isa = PBXBuildFile; fileRef = FFD572F11A529B8300AB9113 /* Dumpling2Tests.swift */; };
		FFD572FF1A529BB800AB9113 /* StoreKit.framework in Frameworks */ = {isa = PBXBuildFile; fileRef = FFD572FE1A529BB800AB9113 /* StoreKit.framework */; };
		FFD573011A529BCD00AB9113 /* Realm.framework in Frameworks */ = {isa = PBXBuildFile; fileRef = FFD573001A529BCD00AB9113 /* Realm.framework */; };
		FFD573031A529BD900AB9113 /* RLMSupport.swift in Sources */ = {isa = PBXBuildFile; fileRef = FFD573021A529BD900AB9113 /* RLMSupport.swift */; };
		FFD573071A529CA700AB9113 /* Magazine.swift in Sources */ = {isa = PBXBuildFile; fileRef = FFD573061A529CA700AB9113 /* Magazine.swift */; };
		FFD573091A52B6E700AB9113 /* Issue.swift in Sources */ = {isa = PBXBuildFile; fileRef = FFD573081A52B6E700AB9113 /* Issue.swift */; };
		FFD5730B1A52B93000AB9113 /* Article.swift in Sources */ = {isa = PBXBuildFile; fileRef = FFD5730A1A52B93000AB9113 /* Article.swift */; };
		FFEF64051A52D22200ACE7EC /* Asset.swift in Sources */ = {isa = PBXBuildFile; fileRef = FFEF64041A52D22200ACE7EC /* Asset.swift */; };
		FFEF64081A52E75700ACE7EC /* org.bomb.mag.issue.20150101.zip in Resources */ = {isa = PBXBuildFile; fileRef = FFEF64071A52E75700ACE7EC /* org.bomb.mag.issue.20150101.zip */; };
/* End PBXBuildFile section */

/* Begin PBXContainerItemProxy section */
		FFD572EC1A529B8300AB9113 /* PBXContainerItemProxy */ = {
			isa = PBXContainerItemProxy;
			containerPortal = FFD572CC1A529B8300AB9113 /* Project object */;
			proxyType = 1;
			remoteGlobalIDString = FFD572D31A529B8300AB9113;
			remoteInfo = Dumpling2;
		};
/* End PBXContainerItemProxy section */

/* Begin PBXFileReference section */
		FF9263331A5A925300900539 /* Dumpling2-Bridging-Header.h */ = {isa = PBXFileReference; lastKnownFileType = sourcecode.c.h; path = "Dumpling2-Bridging-Header.h"; sourceTree = "<group>"; };
		FF9263341A5A93DD00900539 /* Foundation.framework */ = {isa = PBXFileReference; lastKnownFileType = wrapper.framework; name = Foundation.framework; path = System/Library/Frameworks/Foundation.framework; sourceTree = SDKROOT; };
		FF9263361A5A93EA00900539 /* libz.dylib */ = {isa = PBXFileReference; lastKnownFileType = "compiled.mach-o.dylib"; name = libz.dylib; path = usr/lib/libz.dylib; sourceTree = SDKROOT; };
		FF9263381A5A945800900539 /* UIKit.framework */ = {isa = PBXFileReference; lastKnownFileType = wrapper.framework; name = UIKit.framework; path = System/Library/Frameworks/UIKit.framework; sourceTree = SDKROOT; };
		FF92633A1A5AA89F00900539 /* IssueHandler.swift */ = {isa = PBXFileReference; fileEncoding = 4; lastKnownFileType = sourcecode.swift; path = IssueHandler.swift; sourceTree = "<group>"; };
		FF9263421A5AD6D700900539 /* Helper.swift */ = {isa = PBXFileReference; fileEncoding = 4; lastKnownFileType = sourcecode.swift; path = Helper.swift; sourceTree = "<group>"; };
		FFCAC61C1A5FFDC700434DA1 /* crypt.h */ = {isa = PBXFileReference; fileEncoding = 4; lastKnownFileType = sourcecode.c.h; path = crypt.h; sourceTree = "<group>"; };
		FFCAC61D1A5FFDC700434DA1 /* ioapi.c */ = {isa = PBXFileReference; fileEncoding = 4; lastKnownFileType = sourcecode.c.c; path = ioapi.c; sourceTree = "<group>"; };
		FFCAC61E1A5FFDC700434DA1 /* ioapi.h */ = {isa = PBXFileReference; fileEncoding = 4; lastKnownFileType = sourcecode.c.h; path = ioapi.h; sourceTree = "<group>"; };
		FFCAC61F1A5FFDC700434DA1 /* mztools.c */ = {isa = PBXFileReference; fileEncoding = 4; lastKnownFileType = sourcecode.c.c; path = mztools.c; sourceTree = "<group>"; };
		FFCAC6201A5FFDC700434DA1 /* mztools.h */ = {isa = PBXFileReference; fileEncoding = 4; lastKnownFileType = sourcecode.c.h; path = mztools.h; sourceTree = "<group>"; };
		FFCAC6211A5FFDC700434DA1 /* unzip.c */ = {isa = PBXFileReference; fileEncoding = 4; lastKnownFileType = sourcecode.c.c; path = unzip.c; sourceTree = "<group>"; };
		FFCAC6221A5FFDC700434DA1 /* unzip.h */ = {isa = PBXFileReference; fileEncoding = 4; lastKnownFileType = sourcecode.c.h; path = unzip.h; sourceTree = "<group>"; };
		FFCAC6231A5FFDC700434DA1 /* zip.c */ = {isa = PBXFileReference; fileEncoding = 4; lastKnownFileType = sourcecode.c.c; path = zip.c; sourceTree = "<group>"; };
		FFCAC6241A5FFDC700434DA1 /* zip.h */ = {isa = PBXFileReference; fileEncoding = 4; lastKnownFileType = sourcecode.c.h; path = zip.h; sourceTree = "<group>"; };
		FFCAC6251A5FFDC700434DA1 /* ZipArchive.h */ = {isa = PBXFileReference; fileEncoding = 4; lastKnownFileType = sourcecode.c.h; path = ZipArchive.h; sourceTree = "<group>"; };
		FFCAC6261A5FFDC700434DA1 /* ZipArchive.mm */ = {isa = PBXFileReference; fileEncoding = 4; lastKnownFileType = sourcecode.cpp.objcpp; path = ZipArchive.mm; sourceTree = "<group>"; };
		FFD572D41A529B8300AB9113 /* Dumpling2.app */ = {isa = PBXFileReference; explicitFileType = wrapper.application; includeInIndex = 0; path = Dumpling2.app; sourceTree = BUILT_PRODUCTS_DIR; };
		FFD572D81A529B8300AB9113 /* Info.plist */ = {isa = PBXFileReference; lastKnownFileType = text.plist.xml; path = Info.plist; sourceTree = "<group>"; };
		FFD572D91A529B8300AB9113 /* AppDelegate.swift */ = {isa = PBXFileReference; lastKnownFileType = sourcecode.swift; path = AppDelegate.swift; sourceTree = "<group>"; };
		FFD572DB1A529B8300AB9113 /* MasterViewController.swift */ = {isa = PBXFileReference; lastKnownFileType = sourcecode.swift; path = MasterViewController.swift; sourceTree = "<group>"; };
		FFD572DD1A529B8300AB9113 /* DetailViewController.swift */ = {isa = PBXFileReference; lastKnownFileType = sourcecode.swift; path = DetailViewController.swift; sourceTree = "<group>"; };
		FFD572E01A529B8300AB9113 /* Base */ = {isa = PBXFileReference; lastKnownFileType = file.storyboard; name = Base; path = Base.lproj/Main.storyboard; sourceTree = "<group>"; };
		FFD572E21A529B8300AB9113 /* Images.xcassets */ = {isa = PBXFileReference; lastKnownFileType = folder.assetcatalog; path = Images.xcassets; sourceTree = "<group>"; };
		FFD572E51A529B8300AB9113 /* Base */ = {isa = PBXFileReference; lastKnownFileType = file.xib; name = Base; path = Base.lproj/LaunchScreen.xib; sourceTree = "<group>"; };
		FFD572EB1A529B8300AB9113 /* Dumpling2Tests.xctest */ = {isa = PBXFileReference; explicitFileType = wrapper.cfbundle; includeInIndex = 0; path = Dumpling2Tests.xctest; sourceTree = BUILT_PRODUCTS_DIR; };
		FFD572F01A529B8300AB9113 /* Info.plist */ = {isa = PBXFileReference; lastKnownFileType = text.plist.xml; path = Info.plist; sourceTree = "<group>"; };
		FFD572F11A529B8300AB9113 /* Dumpling2Tests.swift */ = {isa = PBXFileReference; lastKnownFileType = sourcecode.swift; path = Dumpling2Tests.swift; sourceTree = "<group>"; };
		FFD572FE1A529BB800AB9113 /* StoreKit.framework */ = {isa = PBXFileReference; lastKnownFileType = wrapper.framework; name = StoreKit.framework; path = System/Library/Frameworks/StoreKit.framework; sourceTree = SDKROOT; };
		FFD573001A529BCD00AB9113 /* Realm.framework */ = {isa = PBXFileReference; lastKnownFileType = wrapper.framework; path = Realm.framework; sourceTree = "<group>"; };
		FFD573021A529BD900AB9113 /* RLMSupport.swift */ = {isa = PBXFileReference; fileEncoding = 4; lastKnownFileType = sourcecode.swift; path = RLMSupport.swift; sourceTree = "<group>"; };
		FFD573061A529CA700AB9113 /* Magazine.swift */ = {isa = PBXFileReference; fileEncoding = 4; lastKnownFileType = sourcecode.swift; path = Magazine.swift; sourceTree = "<group>"; };
		FFD573081A52B6E700AB9113 /* Issue.swift */ = {isa = PBXFileReference; fileEncoding = 4; lastKnownFileType = sourcecode.swift; path = Issue.swift; sourceTree = "<group>"; };
		FFD5730A1A52B93000AB9113 /* Article.swift */ = {isa = PBXFileReference; fileEncoding = 4; lastKnownFileType = sourcecode.swift; path = Article.swift; sourceTree = "<group>"; };
		FFEF64041A52D22200ACE7EC /* Asset.swift */ = {isa = PBXFileReference; fileEncoding = 4; lastKnownFileType = sourcecode.swift; path = Asset.swift; sourceTree = "<group>"; };
		FFEF64071A52E75700ACE7EC /* org.bomb.mag.issue.20150101.zip */ = {isa = PBXFileReference; lastKnownFileType = archive.zip; path = org.bomb.mag.issue.20150101.zip; sourceTree = "<group>"; };
/* End PBXFileReference section */

/* Begin PBXFrameworksBuildPhase section */
		FFD572D11A529B8300AB9113 /* Frameworks */ = {
			isa = PBXFrameworksBuildPhase;
			buildActionMask = 2147483647;
			files = (
				FF9263391A5A945800900539 /* UIKit.framework in Frameworks */,
				FF9263351A5A93DD00900539 /* Foundation.framework in Frameworks */,
				FFD573011A529BCD00AB9113 /* Realm.framework in Frameworks */,
				FFD572FF1A529BB800AB9113 /* StoreKit.framework in Frameworks */,
				FF9263371A5A93EA00900539 /* libz.dylib in Frameworks */,
			);
			runOnlyForDeploymentPostprocessing = 0;
		};
		FFD572E81A529B8300AB9113 /* Frameworks */ = {
			isa = PBXFrameworksBuildPhase;
			buildActionMask = 2147483647;
			files = (
			);
			runOnlyForDeploymentPostprocessing = 0;
		};
/* End PBXFrameworksBuildPhase section */

/* Begin PBXGroup section */
		FF9263211A5A920900900539 /* ZipArchive */ = {
			isa = PBXGroup;
			children = (
				FFCAC61B1A5FFDC700434DA1 /* minizip */,
				FFCAC6251A5FFDC700434DA1 /* ZipArchive.h */,
				FFCAC6261A5FFDC700434DA1 /* ZipArchive.mm */,
			);
			name = ZipArchive;
			path = Resources/ZipArchive;
			sourceTree = "<group>";
		};
		FF9263401A5AD64300900539 /* Handlers */ = {
			isa = PBXGroup;
			children = (
				FF92633A1A5AA89F00900539 /* IssueHandler.swift */,
			);
			name = Handlers;
			sourceTree = "<group>";
		};
		FF9263411A5AD64C00900539 /* Helpers */ = {
			isa = PBXGroup;
			children = (
				FF9263421A5AD6D700900539 /* Helper.swift */,
			);
			name = Helpers;
			sourceTree = "<group>";
		};
		FFCAC61B1A5FFDC700434DA1 /* minizip */ = {
			isa = PBXGroup;
			children = (
				FFCAC61C1A5FFDC700434DA1 /* crypt.h */,
				FFCAC61D1A5FFDC700434DA1 /* ioapi.c */,
				FFCAC61E1A5FFDC700434DA1 /* ioapi.h */,
				FFCAC61F1A5FFDC700434DA1 /* mztools.c */,
				FFCAC6201A5FFDC700434DA1 /* mztools.h */,
				FFCAC6211A5FFDC700434DA1 /* unzip.c */,
				FFCAC6221A5FFDC700434DA1 /* unzip.h */,
				FFCAC6231A5FFDC700434DA1 /* zip.c */,
				FFCAC6241A5FFDC700434DA1 /* zip.h */,
			);
			path = minizip;
			sourceTree = "<group>";
		};
		FFD572CB1A529B8300AB9113 = {
			isa = PBXGroup;
			children = (
				FFD572FD1A529BAD00AB9113 /* Frameworks */,
				FFEF64061A52E72300ACE7EC /* Resources */,
				FFD572D61A529B8300AB9113 /* Dumpling2 */,
				FFD572EE1A529B8300AB9113 /* Dumpling2Tests */,
				FFD572D51A529B8300AB9113 /* Products */,
			);
			sourceTree = "<group>";
		};
		FFD572D51A529B8300AB9113 /* Products */ = {
			isa = PBXGroup;
			children = (
				FFD572D41A529B8300AB9113 /* Dumpling2.app */,
				FFD572EB1A529B8300AB9113 /* Dumpling2Tests.xctest */,
			);
			name = Products;
			sourceTree = "<group>";
		};
		FFD572D61A529B8300AB9113 /* Dumpling2 */ = {
			isa = PBXGroup;
			children = (
				FF9263411A5AD64C00900539 /* Helpers */,
				FF9263401A5AD64300900539 /* Handlers */,
				FFD573051A529C6900AB9113 /* Models */,
				FFD573021A529BD900AB9113 /* RLMSupport.swift */,
				FFD572D91A529B8300AB9113 /* AppDelegate.swift */,
				FFD572DB1A529B8300AB9113 /* MasterViewController.swift */,
				FFD572DD1A529B8300AB9113 /* DetailViewController.swift */,
				FFD572DF1A529B8300AB9113 /* Main.storyboard */,
				FFD572E21A529B8300AB9113 /* Images.xcassets */,
				FFD572E41A529B8300AB9113 /* LaunchScreen.xib */,
				FFD572D71A529B8300AB9113 /* Supporting Files */,
			);
			path = Dumpling2;
			sourceTree = "<group>";
		};
		FFD572D71A529B8300AB9113 /* Supporting Files */ = {
			isa = PBXGroup;
			children = (
				FFD572D81A529B8300AB9113 /* Info.plist */,
			);
			name = "Supporting Files";
			sourceTree = "<group>";
		};
		FFD572EE1A529B8300AB9113 /* Dumpling2Tests */ = {
			isa = PBXGroup;
			children = (
				FFD572F11A529B8300AB9113 /* Dumpling2Tests.swift */,
				FFD572EF1A529B8300AB9113 /* Supporting Files */,
			);
			path = Dumpling2Tests;
			sourceTree = "<group>";
		};
		FFD572EF1A529B8300AB9113 /* Supporting Files */ = {
			isa = PBXGroup;
			children = (
				FFD572F01A529B8300AB9113 /* Info.plist */,
			);
			name = "Supporting Files";
			sourceTree = "<group>";
		};
		FFD572FD1A529BAD00AB9113 /* Frameworks */ = {
			isa = PBXGroup;
			children = (
				FF9263381A5A945800900539 /* UIKit.framework */,
				FF9263361A5A93EA00900539 /* libz.dylib */,
				FF9263341A5A93DD00900539 /* Foundation.framework */,
				FFD573001A529BCD00AB9113 /* Realm.framework */,
				FFD572FE1A529BB800AB9113 /* StoreKit.framework */,
			);
			name = Frameworks;
			sourceTree = "<group>";
		};
		FFD573051A529C6900AB9113 /* Models */ = {
			isa = PBXGroup;
			children = (
				FFD573061A529CA700AB9113 /* Magazine.swift */,
				FFD573081A52B6E700AB9113 /* Issue.swift */,
				FFD5730A1A52B93000AB9113 /* Article.swift */,
				FFEF64041A52D22200ACE7EC /* Asset.swift */,
			);
			name = Models;
			sourceTree = "<group>";
		};
		FFEF64061A52E72300ACE7EC /* Resources */ = {
			isa = PBXGroup;
			children = (
				FF9263211A5A920900900539 /* ZipArchive */,
				FFEF64071A52E75700ACE7EC /* org.bomb.mag.issue.20150101.zip */,
				FF9263331A5A925300900539 /* Dumpling2-Bridging-Header.h */,
			);
			name = Resources;
			sourceTree = "<group>";
		};
/* End PBXGroup section */

/* Begin PBXNativeTarget section */
		FFD572D31A529B8300AB9113 /* Dumpling2 */ = {
			isa = PBXNativeTarget;
			buildConfigurationList = FFD572F51A529B8300AB9113 /* Build configuration list for PBXNativeTarget "Dumpling2" */;
			buildPhases = (
				FFD572D01A529B8300AB9113 /* Sources */,
				FFD572D11A529B8300AB9113 /* Frameworks */,
				FFD572D21A529B8300AB9113 /* Resources */,
			);
			buildRules = (
			);
			dependencies = (
			);
			name = Dumpling2;
			productName = Dumpling2;
			productReference = FFD572D41A529B8300AB9113 /* Dumpling2.app */;
			productType = "com.apple.product-type.application";
		};
		FFD572EA1A529B8300AB9113 /* Dumpling2Tests */ = {
			isa = PBXNativeTarget;
			buildConfigurationList = FFD572F81A529B8300AB9113 /* Build configuration list for PBXNativeTarget "Dumpling2Tests" */;
			buildPhases = (
				FFD572E71A529B8300AB9113 /* Sources */,
				FFD572E81A529B8300AB9113 /* Frameworks */,
				FFD572E91A529B8300AB9113 /* Resources */,
			);
			buildRules = (
			);
			dependencies = (
				FFD572ED1A529B8300AB9113 /* PBXTargetDependency */,
			);
			name = Dumpling2Tests;
			productName = Dumpling2Tests;
			productReference = FFD572EB1A529B8300AB9113 /* Dumpling2Tests.xctest */;
			productType = "com.apple.product-type.bundle.unit-test";
		};
/* End PBXNativeTarget section */

/* Begin PBXProject section */
		FFD572CC1A529B8300AB9113 /* Project object */ = {
			isa = PBXProject;
			attributes = {
				LastUpgradeCheck = 0610;
				ORGANIZATIONNAME = "29th Street";
				TargetAttributes = {
					FFD572D31A529B8300AB9113 = {
						CreatedOnToolsVersion = 6.1;
					};
					FFD572EA1A529B8300AB9113 = {
						CreatedOnToolsVersion = 6.1;
						TestTargetID = FFD572D31A529B8300AB9113;
					};
				};
			};
			buildConfigurationList = FFD572CF1A529B8300AB9113 /* Build configuration list for PBXProject "Dumpling2" */;
			compatibilityVersion = "Xcode 3.2";
			developmentRegion = English;
			hasScannedForEncodings = 0;
			knownRegions = (
				en,
				Base,
			);
			mainGroup = FFD572CB1A529B8300AB9113;
			productRefGroup = FFD572D51A529B8300AB9113 /* Products */;
			projectDirPath = "";
			projectRoot = "";
			targets = (
				FFD572D31A529B8300AB9113 /* Dumpling2 */,
				FFD572EA1A529B8300AB9113 /* Dumpling2Tests */,
			);
		};
/* End PBXProject section */

/* Begin PBXResourcesBuildPhase section */
		FFD572D21A529B8300AB9113 /* Resources */ = {
			isa = PBXResourcesBuildPhase;
			buildActionMask = 2147483647;
			files = (
				FFEF64081A52E75700ACE7EC /* org.bomb.mag.issue.20150101.zip in Resources */,
				FFD572E11A529B8300AB9113 /* Main.storyboard in Resources */,
				FFD572E61A529B8300AB9113 /* LaunchScreen.xib in Resources */,
				FFD572E31A529B8300AB9113 /* Images.xcassets in Resources */,
			);
			runOnlyForDeploymentPostprocessing = 0;
		};
		FFD572E91A529B8300AB9113 /* Resources */ = {
			isa = PBXResourcesBuildPhase;
			buildActionMask = 2147483647;
			files = (
			);
			runOnlyForDeploymentPostprocessing = 0;
		};
/* End PBXResourcesBuildPhase section */

/* Begin PBXSourcesBuildPhase section */
		FFD572D01A529B8300AB9113 /* Sources */ = {
			isa = PBXSourcesBuildPhase;
			buildActionMask = 2147483647;
			files = (
				FFD5730B1A52B93000AB9113 /* Article.swift in Sources */,
				FFD572DE1A529B8300AB9113 /* DetailViewController.swift in Sources */,
				FFCAC6281A5FFDC700434DA1 /* mztools.c in Sources */,
				FFD573071A529CA700AB9113 /* Magazine.swift in Sources */,
				FFCAC62B1A5FFDC700434DA1 /* ZipArchive.mm in Sources */,
				FFCAC6291A5FFDC700434DA1 /* unzip.c in Sources */,
				FFD572DC1A529B8300AB9113 /* MasterViewController.swift in Sources */,
				FF92633B1A5AA89F00900539 /* IssueHandler.swift in Sources */,
				FF9263431A5AD6D700900539 /* Helper.swift in Sources */,
				FFD572DA1A529B8300AB9113 /* AppDelegate.swift in Sources */,
				FFD573031A529BD900AB9113 /* RLMSupport.swift in Sources */,
				FFCAC6271A5FFDC700434DA1 /* ioapi.c in Sources */,
				FFCAC62A1A5FFDC700434DA1 /* zip.c in Sources */,
				FFEF64051A52D22200ACE7EC /* Asset.swift in Sources */,
				FFD573091A52B6E700AB9113 /* Issue.swift in Sources */,
			);
			runOnlyForDeploymentPostprocessing = 0;
		};
		FFD572E71A529B8300AB9113 /* Sources */ = {
			isa = PBXSourcesBuildPhase;
			buildActionMask = 2147483647;
			files = (
				FFD572F21A529B8300AB9113 /* Dumpling2Tests.swift in Sources */,
			);
			runOnlyForDeploymentPostprocessing = 0;
		};
/* End PBXSourcesBuildPhase section */

/* Begin PBXTargetDependency section */
		FFD572ED1A529B8300AB9113 /* PBXTargetDependency */ = {
			isa = PBXTargetDependency;
			target = FFD572D31A529B8300AB9113 /* Dumpling2 */;
			targetProxy = FFD572EC1A529B8300AB9113 /* PBXContainerItemProxy */;
		};
/* End PBXTargetDependency section */

/* Begin PBXVariantGroup section */
		FFD572DF1A529B8300AB9113 /* Main.storyboard */ = {
			isa = PBXVariantGroup;
			children = (
				FFD572E01A529B8300AB9113 /* Base */,
			);
			name = Main.storyboard;
			sourceTree = "<group>";
		};
		FFD572E41A529B8300AB9113 /* LaunchScreen.xib */ = {
			isa = PBXVariantGroup;
			children = (
				FFD572E51A529B8300AB9113 /* Base */,
			);
			name = LaunchScreen.xib;
			sourceTree = "<group>";
		};
/* End PBXVariantGroup section */

/* Begin XCBuildConfiguration section */
		FFD572F31A529B8300AB9113 /* Debug */ = {
			isa = XCBuildConfiguration;
			buildSettings = {
				ALWAYS_SEARCH_USER_PATHS = NO;
				CLANG_CXX_LANGUAGE_STANDARD = "gnu++0x";
				CLANG_CXX_LIBRARY = "libc++";
				CLANG_ENABLE_MODULES = YES;
				CLANG_ENABLE_OBJC_ARC = YES;
				CLANG_WARN_BOOL_CONVERSION = YES;
				CLANG_WARN_CONSTANT_CONVERSION = YES;
				CLANG_WARN_DIRECT_OBJC_ISA_USAGE = YES_ERROR;
				CLANG_WARN_EMPTY_BODY = YES;
				CLANG_WARN_ENUM_CONVERSION = YES;
				CLANG_WARN_INT_CONVERSION = YES;
				CLANG_WARN_OBJC_ROOT_CLASS = YES_ERROR;
				CLANG_WARN_UNREACHABLE_CODE = YES;
				CLANG_WARN__DUPLICATE_METHOD_MATCH = YES;
				"CODE_SIGN_IDENTITY[sdk=iphoneos*]" = "iPhone Developer";
				COPY_PHASE_STRIP = NO;
				ENABLE_STRICT_OBJC_MSGSEND = YES;
				GCC_C_LANGUAGE_STANDARD = gnu99;
				GCC_DYNAMIC_NO_PIC = NO;
				GCC_OPTIMIZATION_LEVEL = 0;
				GCC_PREPROCESSOR_DEFINITIONS = (
					"DEBUG=1",
					"$(inherited)",
				);
				GCC_SYMBOLS_PRIVATE_EXTERN = NO;
				GCC_WARN_64_TO_32_BIT_CONVERSION = YES;
				GCC_WARN_ABOUT_RETURN_TYPE = YES_ERROR;
				GCC_WARN_UNDECLARED_SELECTOR = YES;
				GCC_WARN_UNINITIALIZED_AUTOS = YES_AGGRESSIVE;
				GCC_WARN_UNUSED_FUNCTION = YES;
				GCC_WARN_UNUSED_VARIABLE = YES;
				IPHONEOS_DEPLOYMENT_TARGET = 8.1;
				MTL_ENABLE_DEBUG_INFO = YES;
				ONLY_ACTIVE_ARCH = YES;
				SDKROOT = iphoneos;
				SWIFT_OPTIMIZATION_LEVEL = "-Onone";
			};
			name = Debug;
		};
		FFD572F41A529B8300AB9113 /* Release */ = {
			isa = XCBuildConfiguration;
			buildSettings = {
				ALWAYS_SEARCH_USER_PATHS = NO;
				CLANG_CXX_LANGUAGE_STANDARD = "gnu++0x";
				CLANG_CXX_LIBRARY = "libc++";
				CLANG_ENABLE_MODULES = YES;
				CLANG_ENABLE_OBJC_ARC = YES;
				CLANG_WARN_BOOL_CONVERSION = YES;
				CLANG_WARN_CONSTANT_CONVERSION = YES;
				CLANG_WARN_DIRECT_OBJC_ISA_USAGE = YES_ERROR;
				CLANG_WARN_EMPTY_BODY = YES;
				CLANG_WARN_ENUM_CONVERSION = YES;
				CLANG_WARN_INT_CONVERSION = YES;
				CLANG_WARN_OBJC_ROOT_CLASS = YES_ERROR;
				CLANG_WARN_UNREACHABLE_CODE = YES;
				CLANG_WARN__DUPLICATE_METHOD_MATCH = YES;
				"CODE_SIGN_IDENTITY[sdk=iphoneos*]" = "iPhone Developer";
				COPY_PHASE_STRIP = YES;
				ENABLE_NS_ASSERTIONS = NO;
				ENABLE_STRICT_OBJC_MSGSEND = YES;
				GCC_C_LANGUAGE_STANDARD = gnu99;
				GCC_WARN_64_TO_32_BIT_CONVERSION = YES;
				GCC_WARN_ABOUT_RETURN_TYPE = YES_ERROR;
				GCC_WARN_UNDECLARED_SELECTOR = YES;
				GCC_WARN_UNINITIALIZED_AUTOS = YES_AGGRESSIVE;
				GCC_WARN_UNUSED_FUNCTION = YES;
				GCC_WARN_UNUSED_VARIABLE = YES;
				IPHONEOS_DEPLOYMENT_TARGET = 8.1;
				MTL_ENABLE_DEBUG_INFO = NO;
				SDKROOT = iphoneos;
				VALIDATE_PRODUCT = YES;
			};
			name = Release;
		};
		FFD572F61A529B8300AB9113 /* Debug */ = {
			isa = XCBuildConfiguration;
			buildSettings = {
				ASSETCATALOG_COMPILER_APPICON_NAME = AppIcon;
				FRAMEWORK_SEARCH_PATHS = (
					"$(inherited)",
					"$(PROJECT_DIR)",
				);
				INFOPLIST_FILE = Dumpling2/Info.plist;
				LD_RUNPATH_SEARCH_PATHS = "$(inherited) @executable_path/Frameworks";
				PRODUCT_NAME = "$(TARGET_NAME)";
				SWIFT_OBJC_BRIDGING_HEADER = "Dumpling2-Bridging-Header.h";
			};
			name = Debug;
		};
		FFD572F71A529B8300AB9113 /* Release */ = {
			isa = XCBuildConfiguration;
			buildSettings = {
				ASSETCATALOG_COMPILER_APPICON_NAME = AppIcon;
				FRAMEWORK_SEARCH_PATHS = (
					"$(inherited)",
					"$(PROJECT_DIR)",
				);
				INFOPLIST_FILE = Dumpling2/Info.plist;
				LD_RUNPATH_SEARCH_PATHS = "$(inherited) @executable_path/Frameworks";
				PRODUCT_NAME = "$(TARGET_NAME)";
				SWIFT_OBJC_BRIDGING_HEADER = "Dumpling2-Bridging-Header.h";
			};
			name = Release;
		};
		FFD572F91A529B8300AB9113 /* Debug */ = {
			isa = XCBuildConfiguration;
			buildSettings = {
				BUNDLE_LOADER = "$(TEST_HOST)";
				FRAMEWORK_SEARCH_PATHS = (
					"$(SDKROOT)/Developer/Library/Frameworks",
					"$(inherited)",
				);
				GCC_PREPROCESSOR_DEFINITIONS = (
					"DEBUG=1",
					"$(inherited)",
				);
				INFOPLIST_FILE = Dumpling2Tests/Info.plist;
				LD_RUNPATH_SEARCH_PATHS = "$(inherited) @executable_path/Frameworks @loader_path/Frameworks";
				PRODUCT_NAME = "$(TARGET_NAME)";
				TEST_HOST = "$(BUILT_PRODUCTS_DIR)/Dumpling2.app/Dumpling2";
			};
			name = Debug;
		};
		FFD572FA1A529B8300AB9113 /* Release */ = {
			isa = XCBuildConfiguration;
			buildSettings = {
				BUNDLE_LOADER = "$(TEST_HOST)";
				FRAMEWORK_SEARCH_PATHS = (
					"$(SDKROOT)/Developer/Library/Frameworks",
					"$(inherited)",
				);
				INFOPLIST_FILE = Dumpling2Tests/Info.plist;
				LD_RUNPATH_SEARCH_PATHS = "$(inherited) @executable_path/Frameworks @loader_path/Frameworks";
				PRODUCT_NAME = "$(TARGET_NAME)";
				TEST_HOST = "$(BUILT_PRODUCTS_DIR)/Dumpling2.app/Dumpling2";
			};
			name = Release;
		};
/* End XCBuildConfiguration section */

/* Begin XCConfigurationList section */
		FFD572CF1A529B8300AB9113 /* Build configuration list for PBXProject "Dumpling2" */ = {
			isa = XCConfigurationList;
			buildConfigurations = (
				FFD572F31A529B8300AB9113 /* Debug */,
				FFD572F41A529B8300AB9113 /* Release */,
			);
			defaultConfigurationIsVisible = 0;
			defaultConfigurationName = Release;
		};
		FFD572F51A529B8300AB9113 /* Build configuration list for PBXNativeTarget "Dumpling2" */ = {
			isa = XCConfigurationList;
			buildConfigurations = (
				FFD572F61A529B8300AB9113 /* Debug */,
				FFD572F71A529B8300AB9113 /* Release */,
			);
			defaultConfigurationIsVisible = 0;
			defaultConfigurationName = Release;
		};
		FFD572F81A529B8300AB9113 /* Build configuration list for PBXNativeTarget "Dumpling2Tests" */ = {
			isa = XCConfigurationList;
			buildConfigurations = (
				FFD572F91A529B8300AB9113 /* Debug */,
				FFD572FA1A529B8300AB9113 /* Release */,
			);
			defaultConfigurationIsVisible = 0;
			defaultConfigurationName = Release;
		};
/* End XCConfigurationList section */
	};
	rootObject = FFD572CC1A529B8300AB9113 /* Project object */;
}
